{
  "name": "server",
  "version": "2.0.0",
  "lockfileVersion": 1,
  "requires": true,
  "dependencies": {
    "box2dweb": {
      "version": "2.1.0-b",
      "resolved": "https://registry.npmjs.org/box2dweb/-/box2dweb-2.1.0-b.tgz",
      "integrity": "sha1-p7VpmieyEPXFR5FF360xMqb1R40="
    },
    "ws": {
      "version": "8.5.0",
      "resolved": "https://registry.npmjs.org/ws/-/ws-8.5.0.tgz",
      "integrity": "sha512-BWX0SWVgLPzYwF8lTzEy1egjhS4S4OEAHfsO8o65WOVsrnSRGaSiUaa9e0ggGlkMTtBlmOpEXiie9RUcBO86qg=="
    }
  }
}
